
Microsoft Visual Studio Solution File, Format Version 12.00
# Visual Studio Version 16
VisualStudioVersion = 16.0.31424.327
MinimumVisualStudioVersion = 10.0.40219.1
Project("{FAE04EC0-301F-11D3-BF4B-00C04F79EFBC}") = "StonkTrader", "SignalRSample\StonkTrader.csproj", "{FF7FE4E8-A633-4BA0-88A0-F25657E55D03}"
EndProject
Global
	GlobalSection(SolutionConfigurationPlatforms) = preSolution
		Debug|Any CPU = Debug|Any CPU
		Release|Any CPU = Release|Any CPU
	EndGlobalSection
	GlobalSection(ProjectConfigurationPlatforms) = postSolution
		{FF7FE4E8-A633-4BA0-88A0-F25657E55D03}.Debug|Any CPU.ActiveCfg = Debug|Any CPU
		{FF7FE4E8-A633-4BA0-88A0-F25657E55D03}.Debug|Any CPU.Build.0 = Debug|Any CPU
		{FF7FE4E8-A633-4BA0-88A0-F25657E55D03}.Release|Any CPU.ActiveCfg = Release|Any CPU
		{FF7FE4E8-A633-4BA0-88A0-F25657E55D03}.Release|Any CPU.Build.0 = Release|Any CPU
	EndGlobalSection
	GlobalSection(SolutionProperties) = preSolution
		HideSolutionNode = FALSE
	EndGlobalSection
	GlobalSection(ExtensibilityGlobals) = postSolution
		SolutionGuid = {007DFA15-225A-4CDF-97CB-4F8C50534378}
	EndGlobalSection
EndGlobal
