
Microsoft Visual Studio Solution File, Format Version 12.00
# Visual Studio Version 16
VisualStudioVersion = 16.0.31424.327
MinimumVisualStudioVersion = 10.0.40219.1
Project("{9A19103F-16F7-4668-BE54-9A1E7A4F7556}") = "StonkTrader", "SignalRSample\StonkTrader.csproj", "{FF7FE4E8-A633-4BA0-88A0-F25657E55D03}"
EndProject
Project("{9A19103F-16F7-4668-BE54-9A1E7A4F7556}") = "StonkTrader.Tests", "StonkTrader.Tests\StonkTrader.Tests.csproj", "{A52B9A59-3389-451F-BABC-1B8EF26EB3BE}"
EndProject
Project("{2150E333-8FDC-42A3-9474-1A3956D46DE8}") = "Solution Items", "Solution Items", "{91666700-D020-44FF-8AF7-A83BACEE1461}"
	ProjectSection(SolutionItems) = preProject
		.editorconfig = .editorconfig
	EndProjectSection
EndProject
Global
	GlobalSection(SolutionConfigurationPlatforms) = preSolution
		Debug|Any CPU = Debug|Any CPU
		Release|Any CPU = Release|Any CPU
	EndGlobalSection
	GlobalSection(ProjectConfigurationPlatforms) = postSolution
		{FF7FE4E8-A633-4BA0-88A0-F25657E55D03}.Debug|Any CPU.ActiveCfg = Debug|Any CPU
		{FF7FE4E8-A633-4BA0-88A0-F25657E55D03}.Debug|Any CPU.Build.0 = Debug|Any CPU
		{FF7FE4E8-A633-4BA0-88A0-F25657E55D03}.Release|Any CPU.ActiveCfg = Release|Any CPU
		{FF7FE4E8-A633-4BA0-88A0-F25657E55D03}.Release|Any CPU.Build.0 = Release|Any CPU
		{A52B9A59-3389-451F-BABC-1B8EF26EB3BE}.Debug|Any CPU.ActiveCfg = Debug|Any CPU
		{A52B9A59-3389-451F-BABC-1B8EF26EB3BE}.Debug|Any CPU.Build.0 = Debug|Any CPU
		{A52B9A59-3389-451F-BABC-1B8EF26EB3BE}.Release|Any CPU.ActiveCfg = Release|Any CPU
		{A52B9A59-3389-451F-BABC-1B8EF26EB3BE}.Release|Any CPU.Build.0 = Release|Any CPU
	EndGlobalSection
	GlobalSection(SolutionProperties) = preSolution
		HideSolutionNode = FALSE
	EndGlobalSection
	GlobalSection(ExtensibilityGlobals) = postSolution
		SolutionGuid = {007DFA15-225A-4CDF-97CB-4F8C50534378}
	EndGlobalSection
EndGlobal
